
Microsoft Visual Studio Solution File, Format Version 12.00
# Visual Studio Version 17
VisualStudioVersion = 17.4.33213.308
MinimumVisualStudioVersion = 10.0.40219.1
Project("{FAE04EC0-301F-11D3-BF4B-00C04F79EFBC}") = "CustomColumnHeader", "CustomColumnHeader.csproj", "{A875D03E-378F-4E59-AE6A-85F5939DF6FC}"
EndProject
Global
	GlobalSection(SolutionConfigurationPlatforms) = preSolution
		Debug|Any CPU = Debug|Any CPU
		Release|Any CPU = Release|Any CPU
	EndGlobalSection
	GlobalSection(ProjectConfigurationPlatforms) = postSolution
		{A875D03E-378F-4E59-AE6A-85F5939DF6FC}.Debug|Any CPU.ActiveCfg = Debug|Any CPU
		{A875D03E-378F-4E59-AE6A-85F5939DF6FC}.Debug|Any CPU.Build.0 = Debug|Any CPU
		{A875D03E-378F-4E59-AE6A-85F5939DF6FC}.Release|Any CPU.ActiveCfg = Release|Any CPU
		{A875D03E-378F-4E59-AE6A-85F5939DF6FC}.Release|Any CPU.Build.0 = Release|Any CPU
	EndGlobalSection
	GlobalSection(SolutionProperties) = preSolution
		HideSolutionNode = FALSE
	EndGlobalSection
	GlobalSection(ExtensibilityGlobals) = postSolution
		SolutionGuid = {EDA232FB-33C3-45CC-8B95-24578331BBE1}
	EndGlobalSection
EndGlobal
